
Microsoft Visual Studio Solution File, Format Version 12.00
# Visual Studio Version 16
VisualStudioVersion = 16.0.29519.87
MinimumVisualStudioVersion = 10.0.40219.1
Project("{FAE04EC0-301F-11D3-BF4B-00C04F79EFBC}") = "Sweepstakes", "Sweepstakes\Sweepstakes.csproj", "{4AE2F113-C6D1-42E1-A316-2191DA50A97E}"
EndProject
Global
	GlobalSection(SolutionConfigurationPlatforms) = preSolution
		Debug|Any CPU = Debug|Any CPU
		Release|Any CPU = Release|Any CPU
	EndGlobalSection
	GlobalSection(ProjectConfigurationPlatforms) = postSolution
		{4AE2F113-C6D1-42E1-A316-2191DA50A97E}.Debug|Any CPU.ActiveCfg = Debug|Any CPU
		{4AE2F113-C6D1-42E1-A316-2191DA50A97E}.Debug|Any CPU.Build.0 = Debug|Any CPU
		{4AE2F113-C6D1-42E1-A316-2191DA50A97E}.Release|Any CPU.ActiveCfg = Release|Any CPU
		{4AE2F113-C6D1-42E1-A316-2191DA50A97E}.Release|Any CPU.Build.0 = Release|Any CPU
	EndGlobalSection
	GlobalSection(SolutionProperties) = preSolution
		HideSolutionNode = FALSE
	EndGlobalSection
	GlobalSection(ExtensibilityGlobals) = postSolution
		SolutionGuid = {9D4B3D77-5542-44BC-AB5C-A8041408AF83}
	EndGlobalSection
EndGlobal
